github.com/flopp/go-findfont v0.1.0 h1:lPn0BymDUtJo+ZkV01VS3661HL6F4qFlkhcJN55u6mU=
github.com/flopp/go-findfont v0.1.0/go.mod h1:wKKxRDjD024Rh7VMwoU90i6ikQRCr+JTHB5n4Ejkqvw=
github.com/goki/freetype v1.0.5 h1:yi2lQeUhXnBgSMqYd0vVmPw6RnnfIeTP3N4uvaJXd7A=
github.com/goki/freetype v1.0.5/go.mod h1:wKmKxddbzKmeci9K96Wknn5kjTWLyfC8tKOqAFbEX8E=
golang.org/x/image v0.15.0 h1:kOELfmgrmJlw4Cdb7g/QGuB3CvDrXbqEIww/pNtNBm8=
golang.org/x/image v0.15.0/go.mod h1:HUYqC05R2ZcZ3ejNQsIHQDQiwWM4JBqmm6MKANTp4LE=
